Microsoft Visual Studio Solution File, Format Version 12.00
# Visual Studio Version 17
VisualStudioVersion = 17.5.2.0
MinimumVisualStudioVersion = 10.0.40219.1
Project("{FAE04EC0-301F-11D3-BF4B-00C04F79EFBC}") = "LinkedInTips", "LinkedInTips\LinkedInTips.csproj", "{904642D2-5946-B470-8457-DD1BB570E067}"
EndProject
Global
	GlobalSection(SolutionConfigurationPlatforms) = preSolution
		Debug|Any CPU = Debug|Any CPU
		Release|Any CPU = Release|Any CPU
	EndGlobalSection
	GlobalSection(ProjectConfigurationPlatforms) = postSolution
		{904642D2-5946-B470-8457-DD1BB570E067}.Debug|Any CPU.ActiveCfg = Debug|Any CPU
		{904642D2-5946-B470-8457-DD1BB570E067}.Debug|Any CPU.Build.0 = Debug|Any CPU
		{904642D2-5946-B470-8457-DD1BB570E067}.Release|Any CPU.ActiveCfg = Release|Any CPU
		{904642D2-5946-B470-8457-DD1BB570E067}.Release|Any CPU.Build.0 = Release|Any CPU
	EndGlobalSection
	GlobalSection(SolutionProperties) = preSolution
		HideSolutionNode = FALSE
	EndGlobalSection
	GlobalSection(ExtensibilityGlobals) = postSolution
		SolutionGuid = {BA70A6B9-2568-4CED-8EAD-2DFD3EF0F3CB}
	EndGlobalSection
EndGlobal
