
Microsoft Visual Studio Solution File, Format Version 12.00
# Visual Studio Version 18
VisualStudioVersion = 18.3.11222.16 d18.3
MinimumVisualStudioVersion = 10.0.40219.1
Project("{FAE04EC0-301F-11D3-BF4B-00C04F79EFBC}") = "TipsAndTricks", "TipsAndTricks\TipsAndTricks.csproj", "{BB0C9851-C26F-4E1F-A706-3EAF491FD181}"
EndProject
Project("{FAE04EC0-301F-11D3-BF4B-00C04F79EFBC}") = "API", "API\API.csproj", "{37E16C97-AD79-43AD-835D-B2570F8C0058}"
EndProject
Global
	GlobalSection(SolutionConfigurationPlatforms) = preSolution
		Debug|Any CPU = Debug|Any CPU
		Release|Any CPU = Release|Any CPU
	EndGlobalSection
	GlobalSection(ProjectConfigurationPlatforms) = postSolution
		{BB0C9851-C26F-4E1F-A706-3EAF491FD181}.Debug|Any CPU.ActiveCfg = Debug|Any CPU
		{BB0C9851-C26F-4E1F-A706-3EAF491FD181}.Debug|Any CPU.Build.0 = Debug|Any CPU
		{BB0C9851-C26F-4E1F-A706-3EAF491FD181}.Release|Any CPU.ActiveCfg = Release|Any CPU
		{BB0C9851-C26F-4E1F-A706-3EAF491FD181}.Release|Any CPU.Build.0 = Release|Any CPU
		{37E16C97-AD79-43AD-835D-B2570F8C0058}.Debug|Any CPU.ActiveCfg = Debug|Any CPU
		{37E16C97-AD79-43AD-835D-B2570F8C0058}.Debug|Any CPU.Build.0 = Debug|Any CPU
		{37E16C97-AD79-43AD-835D-B2570F8C0058}.Release|Any CPU.ActiveCfg = Release|Any CPU
		{37E16C97-AD79-43AD-835D-B2570F8C0058}.Release|Any CPU.Build.0 = Release|Any CPU
	EndGlobalSection
	GlobalSection(SolutionProperties) = preSolution
		HideSolutionNode = FALSE
	EndGlobalSection
	GlobalSection(ExtensibilityGlobals) = postSolution
		SolutionGuid = {83E9386A-5996-4788-8CFA-C2F9F6DC8728}
	EndGlobalSection
EndGlobal
